// !$*UTF8*$!
{
	archiveVersion = 1;
	classes = {
	};
	objectVersion = 46;
	objects = {

/* Begin PBXBuildFile section */
		E59420211AAF61AD0005FD22 /* main.m in Sources */ = {isa = PBXBuildFile; fileRef = E59420201AAF61AD0005FD22 /* main.m */; };
		E59420241AAF61AD0005FD22 /* AppDelegate.m in Sources */ = {isa = PBXBuildFile; fileRef = E59420231AAF61AD0005FD22 /* AppDelegate.m */; };
		E59420271AAF61AD0005FD22 /* ViewController.m in Sources */ = {isa = PBXBuildFile; fileRef = E59420261AAF61AD0005FD22 /* ViewController.m */; };
		E594202A1AAF61AD0005FD22 /* Main.storyboard in Resources */ = {isa = PBXBuildFile; fileRef = E59420281AAF61AD0005FD22 /* Main.storyboard */; };
		E594202C1AAF61AD0005FD22 /* Images.xcassets in Resources */ = {isa = PBXBuildFile; fileRef = E594202B1AAF61AD0005FD22 /* Images.xcassets */; };
		E594202F1AAF61AD0005FD22 /* LaunchScreen.xib in Resources */ = {isa = PBXBuildFile; fileRef = E594202D1AAF61AD0005FD22 /* LaunchScreen.xib */; };
		E594203B1AAF61AD0005FD22 /* StackSearchTests.m in Sources */ = {isa = PBXBuildFile; fileRef = E594203A1AAF61AD0005FD22 /* StackSearchTests.m */; };
/* End PBXBuildFile section */

/* Begin PBXContainerItemProxy section */
		E59420351AAF61AD0005FD22 /* PBXContainerItemProxy */ = {
			isa = PBXContainerItemProxy;
			containerPortal = E59420131AAF61AD0005FD22 /* Project object */;
			proxyType = 1;
			remoteGlobalIDString = E594201A1AAF61AD0005FD22;
			remoteInfo = StackSearch;
		};
/* End PBXContainerItemProxy section */

/* Begin PBXFileReference section */
		E594201B1AAF61AD0005FD22 /* StackSearch.app */ = {isa = PBXFileReference; explicitFileType = wrapper.application; includeInIndex = 0; path = StackSearch.app; sourceTree = BUILT_PRODUCTS_DIR; };
		E594201F1AAF61AD0005FD22 /* Info.plist */ = {isa = PBXFileReference; lastKnownFileType = text.plist.xml; path = Info.plist; sourceTree = "<group>"; };
		E59420201AAF61AD0005FD22 /* main.m */ = {isa = PBXFileReference; lastKnownFileType = sourcecode.c.objc; path = main.m; sourceTree = "<group>"; };
		E59420221AAF61AD0005FD22 /* AppDelegate.h */ = {isa = PBXFileReference; lastKnownFileType = sourcecode.c.h; path = AppDelegate.h; sourceTree = "<group>"; };
		E59420231AAF61AD0005FD22 /* AppDelegate.m */ = {isa = PBXFileReference; lastKnownFileType = sourcecode.c.objc; path = AppDelegate.m; sourceTree = "<group>"; };
		E59420251AAF61AD0005FD22 /* ViewController.h */ = {isa = PBXFileReference; lastKnownFileType = sourcecode.c.h; path = ViewController.h; sourceTree = "<group>"; };
		E59420261AAF61AD0005FD22 /* ViewController.m */ = {isa = PBXFileReference; lastKnownFileType = sourcecode.c.objc; path = ViewController.m; sourceTree = "<group>"; };
		E59420291AAF61AD0005FD22 /* Base */ = {isa = PBXFileReference; lastKnownFileType = file.storyboard; name = Base; path = Base.lproj/Main.storyboard; sourceTree = "<group>"; };
		E594202B1AAF61AD0005FD22 /* Images.xcassets */ = {isa = PBXFileReference; lastKnownFileType = folder.assetcatalog; path = Images.xcassets; sourceTree = "<group>"; };
		E594202E1AAF61AD0005FD22 /* Base */ = {isa = PBXFileReference; lastKnownFileType = file.xib; name = Base; path = Base.lproj/LaunchScreen.xib; sourceTree = "<group>"; };
		E59420341AAF61AD0005FD22 /* StackSearchTests.xctest */ = {isa = PBXFileReference; explicitFileType = wrapper.cfbundle; includeInIndex = 0; path = StackSearchTests.xctest; sourceTree = BUILT_PRODUCTS_DIR; };
		E59420391AAF61AD0005FD22 /* Info.plist */ = {isa = PBXFileReference; lastKnownFileType = text.plist.xml; path = Info.plist; sourceTree = "<group>"; };
		E594203A1AAF61AD0005FD22 /* StackSearchTests.m */ = {isa = PBXFileReference; lastKnownFileType = sourcecode.c.objc; path = StackSearchTests.m; sourceTree = "<group>"; };
/* End PBXFileReference section */

/* Begin PBXFrameworksBuildPhase section */
		E59420181AAF61AD0005FD22 /* Frameworks */ = {
			isa = PBXFrameworksBuildPhase;
			buildActionMask = 2147483647;
			files = (
			);
			runOnlyForDeploymentPostprocessing = 0;
		};
		E59420311AAF61AD0005FD22 /* Frameworks */ = {
			isa = PBXFrameworksBuildPhase;
			buildActionMask = 2147483647;
			files = (
			);
			runOnlyForDeploymentPostprocessing = 0;
		};
/* End PBXFrameworksBuildPhase section */

/* Begin PBXGroup section */
		E59420121AAF61AD0005FD22 = {
			isa = PBXGroup;
			children = (
				E594201D1AAF61AD0005FD22 /* StackSearch */,
				E59420371AAF61AD0005FD22 /* StackSearchTests */,
				E594201C1AAF61AD0005FD22 /* Products */,
			);
			sourceTree = "<group>";
		};
		E594201C1AAF61AD0005FD22 /* Products */ = {
			isa = PBXGroup;
			children = (
				E594201B1AAF61AD0005FD22 /* StackSearch.app */,
				E59420341AAF61AD0005FD22 /* StackSearchTests.xctest */,
			);
			name = Products;
			sourceTree = "<group>";
		};
		E594201D1AAF61AD0005FD22 /* StackSearch */ = {
			isa = PBXGroup;
			children = (
				E59420221AAF61AD0005FD22 /* AppDelegate.h */,
				E59420231AAF61AD0005FD22 /* AppDelegate.m */,
				E59420251AAF61AD0005FD22 /* ViewController.h */,
				E59420261AAF61AD0005FD22 /* ViewController.m */,
				E59420281AAF61AD0005FD22 /* Main.storyboard */,
				E594202B1AAF61AD0005FD22 /* Images.xcassets */,
				E594202D1AAF61AD0005FD22 /* LaunchScreen.xib */,
				E594201E1AAF61AD0005FD22 /* Supporting Files */,
			);
			path = StackSearch;
			sourceTree = "<group>";
		};
		E594201E1AAF61AD0005FD22 /* Supporting Files */ = {
			isa = PBXGroup;
			children = (
				E594201F1AAF61AD0005FD22 /* Info.plist */,
				E59420201AAF61AD0005FD22 /* main.m */,
			);
			name = "Supporting Files";
			sourceTree = "<group>";
		};
		E59420371AAF61AD0005FD22 /* StackSearchTests */ = {
			isa = PBXGroup;
			children = (
				E594203A1AAF61AD0005FD22 /* StackSearchTests.m */,
				E59420381AAF61AD0005FD22 /* Supporting Files */,
			);
			path = StackSearchTests;
			sourceTree = "<group>";
		};
		E59420381AAF61AD0005FD22 /* Supporting Files */ = {
			isa = PBXGroup;
			children = (
				E59420391AAF61AD0005FD22 /* Info.plist */,
			);
			name = "Supporting Files";
			sourceTree = "<group>";
		};
/* End PBXGroup section */

/* Begin PBXNativeTarget section */
		E594201A1AAF61AD0005FD22 /* StackSearch */ = {
			isa = PBXNativeTarget;
			buildConfigurationList = E594203E1AAF61AD0005FD22 /* Build configuration list for PBXNativeTarget "StackSearch" */;
			buildPhases = (
				E59420171AAF61AD0005FD22 /* Sources */,
				E59420181AAF61AD0005FD22 /* Frameworks */,
				E59420191AAF61AD0005FD22 /* Resources */,
			);
			buildRules = (
			);
			dependencies = (
			);
			name = StackSearch;
			productName = StackSearch;
			productReference = E594201B1AAF61AD0005FD22 /* StackSearch.app */;
			productType = "com.apple.product-type.application";
		};
		E59420331AAF61AD0005FD22 /* StackSearchTests */ = {
			isa = PBXNativeTarget;
			buildConfigurationList = E59420411AAF61AD0005FD22 /* Build configuration list for PBXNativeTarget "StackSearchTests" */;
			buildPhases = (
				E59420301AAF61AD0005FD22 /* Sources */,
				E59420311AAF61AD0005FD22 /* Frameworks */,
				E59420321AAF61AD0005FD22 /* Resources */,
			);
			buildRules = (
			);
			dependencies = (
				E59420361AAF61AD0005FD22 /* PBXTargetDependency */,
			);
			name = StackSearchTests;
			productName = StackSearchTests;
			productReference = E59420341AAF61AD0005FD22 /* StackSearchTests.xctest */;
			productType = "com.apple.product-type.bundle.unit-test";
		};
/* End PBXNativeTarget section */

/* Begin PBXProject section */
		E59420131AAF61AD0005FD22 /* Project object */ = {
			isa = PBXProject;
			attributes = {
				LastUpgradeCheck = 0610;
				ORGANIZATIONNAME = "Pawel Scibek";
				TargetAttributes = {
					E594201A1AAF61AD0005FD22 = {
						CreatedOnToolsVersion = 6.1.1;
					};
					E59420331AAF61AD0005FD22 = {
						CreatedOnToolsVersion = 6.1.1;
						TestTargetID = E594201A1AAF61AD0005FD22;
					};
				};
			};
			buildConfigurationList = E59420161AAF61AD0005FD22 /* Build configuration list for PBXProject "StackSearch" */;
			compatibilityVersion = "Xcode 3.2";
			developmentRegion = English;
			hasScannedForEncodings = 0;
			knownRegions = (
				en,
				Base,
			);
			mainGroup = E59420121AAF61AD0005FD22;
			productRefGroup = E594201C1AAF61AD0005FD22 /* Products */;
			projectDirPath = "";
			projectRoot = "";
			targets = (
				E594201A1AAF61AD0005FD22 /* StackSearch */,
				E59420331AAF61AD0005FD22 /* StackSearchTests */,
			);
		};
/* End PBXProject section */

/* Begin PBXResourcesBuildPhase section */
		E59420191AAF61AD0005FD22 /* Resources */ = {
			isa = PBXResourcesBuildPhase;
			buildActionMask = 2147483647;
			files = (
				E594202A1AAF61AD0005FD22 /* Main.storyboard in Resources */,
				E594202F1AAF61AD0005FD22 /* LaunchScreen.xib in Resources */,
				E594202C1AAF61AD0005FD22 /* Images.xcassets in Resources */,
			);
			runOnlyForDeploymentPostprocessing = 0;
		};
		E59420321AAF61AD0005FD22 /* Resources */ = {
			isa = PBXResourcesBuildPhase;
			buildActionMask = 2147483647;
			files = (
			);
			runOnlyForDeploymentPostprocessing = 0;
		};
/* End PBXResourcesBuildPhase section */

/* Begin PBXSourcesBuildPhase section */
		E59420171AAF61AD0005FD22 /* Sources */ = {
			isa = PBXSourcesBuildPhase;
			buildActionMask = 2147483647;
			files = (
				E59420271AAF61AD0005FD22 /* ViewController.m in Sources */,
				E59420241AAF61AD0005FD22 /* AppDelegate.m in Sources */,
				E59420211AAF61AD0005FD22 /* main.m in Sources */,
			);
			runOnlyForDeploymentPostprocessing = 0;
		};
		E59420301AAF61AD0005FD22 /* Sources */ = {
			isa = PBXSourcesBuildPhase;
			buildActionMask = 2147483647;
			files = (
				E594203B1AAF61AD0005FD22 /* StackSearchTests.m in Sources */,
			);
			runOnlyForDeploymentPostprocessing = 0;
		};
/* End PBXSourcesBuildPhase section */

/* Begin PBXTargetDependency section */
		E59420361AAF61AD0005FD22 /* PBXTargetDependency */ = {
			isa = PBXTargetDependency;
			target = E594201A1AAF61AD0005FD22 /* StackSearch */;
			targetProxy = E59420351AAF61AD0005FD22 /* PBXContainerItemProxy */;
		};
/* End PBXTargetDependency section */

/* Begin PBXVariantGroup section */
		E59420281AAF61AD0005FD22 /* Main.storyboard */ = {
			isa = PBXVariantGroup;
			children = (
				E59420291AAF61AD0005FD22 /* Base */,
			);
			name = Main.storyboard;
			sourceTree = "<group>";
		};
		E594202D1AAF61AD0005FD22 /* LaunchScreen.xib */ = {
			isa = PBXVariantGroup;
			children = (
				E594202E1AAF61AD0005FD22 /* Base */,
			);
			name = LaunchScreen.xib;
			sourceTree = "<group>";
		};
/* End PBXVariantGroup section */

/* Begin XCBuildConfiguration section */
		E594203C1AAF61AD0005FD22 /* Debug */ = {
			isa = XCBuildConfiguration;
			buildSettings = {
				ALWAYS_SEARCH_USER_PATHS = NO;
				CLANG_CXX_LANGUAGE_STANDARD = "gnu++0x";
				CLANG_CXX_LIBRARY = "libc++";
				CLANG_ENABLE_MODULES = YES;
				CLANG_ENABLE_OBJC_ARC = YES;
				CLANG_WARN_BOOL_CONVERSION = YES;
				CLANG_WARN_CONSTANT_CONVERSION = YES;
				CLANG_WARN_DIRECT_OBJC_ISA_USAGE = YES_ERROR;
				CLANG_WARN_EMPTY_BODY = YES;
				CLANG_WARN_ENUM_CONVERSION = YES;
				CLANG_WARN_INT_CONVERSION = YES;
				CLANG_WARN_OBJC_ROOT_CLASS = YES_ERROR;
				CLANG_WARN_UNREACHABLE_CODE = YES;
				CLANG_WARN__DUPLICATE_METHOD_MATCH = YES;
				"CODE_SIGN_IDENTITY[sdk=iphoneos*]" = "iPhone Developer";
				COPY_PHASE_STRIP = NO;
				ENABLE_STRICT_OBJC_MSGSEND = YES;
				GCC_C_LANGUAGE_STANDARD = gnu99;
				GCC_DYNAMIC_NO_PIC = NO;
				GCC_OPTIMIZATION_LEVEL = 0;
				GCC_PREPROCESSOR_DEFINITIONS = (
					"DEBUG=1",
					"$(inherited)",
				);
				GCC_SYMBOLS_PRIVATE_EXTERN = NO;
				GCC_WARN_64_TO_32_BIT_CONVERSION = YES;
				GCC_WARN_ABOUT_RETURN_TYPE = YES_ERROR;
				GCC_WARN_UNDECLARED_SELECTOR = YES;
				GCC_WARN_UNINITIALIZED_AUTOS = YES_AGGRESSIVE;
				GCC_WARN_UNUSED_FUNCTION = YES;
				GCC_WARN_UNUSED_VARIABLE = YES;
				IPHONEOS_DEPLOYMENT_TARGET = 8.1;
				MTL_ENABLE_DEBUG_INFO = YES;
				ONLY_ACTIVE_ARCH = YES;
				SDKROOT = iphoneos;
				TARGETED_DEVICE_FAMILY = "1,2";
			};
			name = Debug;
		};
		E594203D1AAF61AD0005FD22 /* Release */ = {
			isa = XCBuildConfiguration;
			buildSettings = {
				ALWAYS_SEARCH_USER_PATHS = NO;
				CLANG_CXX_LANGUAGE_STANDARD = "gnu++0x";
				CLANG_CXX_LIBRARY = "libc++";
				CLANG_ENABLE_MODULES = YES;
				CLANG_ENABLE_OBJC_ARC = YES;
				CLANG_WARN_BOOL_CONVERSION = YES;
				CLANG_WARN_CONSTANT_CONVERSION = YES;
				CLANG_WARN_DIRECT_OBJC_ISA_USAGE = YES_ERROR;
				CLANG_WARN_EMPTY_BODY = YES;
				CLANG_WARN_ENUM_CONVERSION = YES;
				CLANG_WARN_INT_CONVERSION = YES;
				CLANG_WARN_OBJC_ROOT_CLASS = YES_ERROR;
				CLANG_WARN_UNREACHABLE_CODE = YES;
				CLANG_WARN__DUPLICATE_METHOD_MATCH = YES;
				"CODE_SIGN_IDENTITY[sdk=iphoneos*]" = "iPhone Developer";
				COPY_PHASE_STRIP = YES;
				ENABLE_NS_ASSERTIONS = NO;
				ENABLE_STRICT_OBJC_MSGSEND = YES;
				GCC_C_LANGUAGE_STANDARD = gnu99;
				GCC_WARN_64_TO_32_BIT_CONVERSION = YES;
				GCC_WARN_ABOUT_RETURN_TYPE = YES_ERROR;
				GCC_WARN_UNDECLARED_SELECTOR = YES;
				GCC_WARN_UNINITIALIZED_AUTOS = YES_AGGRESSIVE;
				GCC_WARN_UNUSED_FUNCTION = YES;
				GCC_WARN_UNUSED_VARIABLE = YES;
				IPHONEOS_DEPLOYMENT_TARGET = 8.1;
				MTL_ENABLE_DEBUG_INFO = NO;
				SDKROOT = iphoneos;
				TARGETED_DEVICE_FAMILY = "1,2";
				VALIDATE_PRODUCT = YES;
			};
			name = Release;
		};
		E594203F1AAF61AD0005FD22 /* Debug */ = {
			isa = XCBuildConfiguration;
			buildSettings = {
				ASSETCATALOG_COMPILER_APPICON_NAME = AppIcon;
				INFOPLIST_FILE = StackSearch/Info.plist;
				LD_RUNPATH_SEARCH_PATHS = "$(inherited) @executable_path/Frameworks";
				PRODUCT_NAME = "$(TARGET_NAME)";
			};
			name = Debug;
		};
		E59420401AAF61AD0005FD22 /* Release */ = {
			isa = XCBuildConfiguration;
			buildSettings = {
				ASSETCATALOG_COMPILER_APPICON_NAME = AppIcon;
				INFOPLIST_FILE = StackSearch/Info.plist;
				LD_RUNPATH_SEARCH_PATHS = "$(inherited) @executable_path/Frameworks";
				PRODUCT_NAME = "$(TARGET_NAME)";
			};
			name = Release;
		};
		E59420421AAF61AD0005FD22 /* Debug */ = {
			isa = XCBuildConfiguration;
			buildSettings = {
				BUNDLE_LOADER = "$(TEST_HOST)";
				FRAMEWORK_SEARCH_PATHS = (
					"$(SDKROOT)/Developer/Library/Frameworks",
					"$(inherited)",
				);
				GCC_PREPROCESSOR_DEFINITIONS = (
					"DEBUG=1",
					"$(inherited)",
				);
				INFOPLIST_FILE = StackSearchTests/Info.plist;
				LD_RUNPATH_SEARCH_PATHS = "$(inherited) @executable_path/Frameworks @loader_path/Frameworks";
				PRODUCT_NAME = "$(TARGET_NAME)";
				TEST_HOST = "$(BUILT_PRODUCTS_DIR)/StackSearch.app/StackSearch";
			};
			name = Debug;
		};
		E59420431AAF61AD0005FD22 /* Release */ = {
			isa = XCBuildConfiguration;
			buildSettings = {
				BUNDLE_LOADER = "$(TEST_HOST)";
				FRAMEWORK_SEARCH_PATHS = (
					"$(SDKROOT)/Developer/Library/Frameworks",
					"$(inherited)",
				);
				INFOPLIST_FILE = StackSearchTests/Info.plist;
				LD_RUNPATH_SEARCH_PATHS = "$(inherited) @executable_path/Frameworks @loader_path/Frameworks";
				PRODUCT_NAME = "$(TARGET_NAME)";
				TEST_HOST = "$(BUILT_PRODUCTS_DIR)/StackSearch.app/StackSearch";
			};
			name = Release;
		};
/* End XCBuildConfiguration section */

/* Begin XCConfigurationList section */
		E59420161AAF61AD0005FD22 /* Build configuration list for PBXProject "StackSearch" */ = {
			isa = XCConfigurationList;
			buildConfigurations = (
				E594203C1AAF61AD0005FD22 /* Debug */,
				E594203D1AAF61AD0005FD22 /* Release */,
			);
			defaultConfigurationIsVisible = 0;
			defaultConfigurationName = Release;
		};
		E594203E1AAF61AD0005FD22 /* Build configuration list for PBXNativeTarget "StackSearch" */ = {
			isa = XCConfigurationList;
			buildConfigurations = (
				E594203F1AAF61AD0005FD22 /* Debug */,
				E59420401AAF61AD0005FD22 /* Release */,
			);
			defaultConfigurationIsVisible = 0;
		};
		E59420411AAF61AD0005FD22 /* Build configuration list for PBXNativeTarget "StackSearchTests" */ = {
			isa = XCConfigurationList;
			buildConfigurations = (
				E59420421AAF61AD0005FD22 /* Debug */,
				E59420431AAF61AD0005FD22 /* Release */,
			);
			defaultConfigurationIsVisible = 0;
		};
/* End XCConfigurationList section */
	};
	rootObject = E59420131AAF61AD0005FD22 /* Project object */;
}
