// !$*UTF8*$!
{
	archiveVersion = 1;
	classes = {
	};
	objectVersion = 46;
	objects = {

/* Begin PBXBuildFile section */
		4D74EB49F6349DC458D259E5 /* libPods-StackSearchTests.a in Frameworks */ = {isa = PBXBuildFile; fileRef = 938A968129BD985232ACC473 /* libPods-StackSearchTests.a */; };
		4DE8984780C0E4375AD1B80F /* libPods-StackSearch.a in Frameworks */ = {isa = PBXBuildFile; fileRef = C27DDB933928BC9E0BDCADF2 /* libPods-StackSearch.a */; };
		E51D4BFC1AB0CAC10047BD04 /* SESessionManager.m in Sources */ = {isa = PBXBuildFile; fileRef = E51D4BFB1AB0CAC10047BD04 /* SESessionManager.m */; };
		E59420211AAF61AD0005FD22 /* main.m in Sources */ = {isa = PBXBuildFile; fileRef = E59420201AAF61AD0005FD22 /* main.m */; };
		E594202C1AAF61AD0005FD22 /* Images.xcassets in Resources */ = {isa = PBXBuildFile; fileRef = E594202B1AAF61AD0005FD22 /* Images.xcassets */; };
		E594202F1AAF61AD0005FD22 /* LaunchScreen.xib in Resources */ = {isa = PBXBuildFile; fileRef = E594202D1AAF61AD0005FD22 /* LaunchScreen.xib */; };
		E59420461AAF62730005FD22 /* AppDelegate.m in Sources */ = {isa = PBXBuildFile; fileRef = E59420451AAF62730005FD22 /* AppDelegate.m */; };
		E59420581AAF78180005FD22 /* SEApiKeys.m in Sources */ = {isa = PBXBuildFile; fileRef = E59420571AAF78180005FD22 /* SEApiKeys.m */; };
		E594205B1AAF78590005FD22 /* SEResponse.m in Sources */ = {isa = PBXBuildFile; fileRef = E594205A1AAF78590005FD22 /* SEResponse.m */; };
		E594205F1AAF79070005FD22 /* SEUser.m in Sources */ = {isa = PBXBuildFile; fileRef = E594205E1AAF79070005FD22 /* SEUser.m */; };
		E59420611AAF79690005FD22 /* SEUserTest.m in Sources */ = {isa = PBXBuildFile; fileRef = E59420601AAF79690005FD22 /* SEUserTest.m */; };
		E59420631AAF7CEF0005FD22 /* SEQuestionTest.m in Sources */ = {isa = PBXBuildFile; fileRef = E59420621AAF7CEF0005FD22 /* SEQuestionTest.m */; };
		E59420661AAF7D3E0005FD22 /* SEQuestion.m in Sources */ = {isa = PBXBuildFile; fileRef = E59420651AAF7D3E0005FD22 /* SEQuestion.m */; };
		E59420681AAF81170005FD22 /* SEResponseTest.m in Sources */ = {isa = PBXBuildFile; fileRef = E59420671AAF81170005FD22 /* SEResponseTest.m */; };
		E594206B1AAF8F5F0005FD22 /* SearchEngine.m in Sources */ = {isa = PBXBuildFile; fileRef = E594206A1AAF8F5F0005FD22 /* SearchEngine.m */; };
		E594206D1AAF91940005FD22 /* SearchEngineTest.m in Sources */ = {isa = PBXBuildFile; fileRef = E594206C1AAF91940005FD22 /* SearchEngineTest.m */; };
		E594206F1AAF931D0005FD22 /* SEFakeResponse.json in Resources */ = {isa = PBXBuildFile; fileRef = E594206E1AAF931D0005FD22 /* SEFakeResponse.json */; };
		E5D7A62D1AB219DE00984046 /* SearchEngineParametersBuilder.m in Sources */ = {isa = PBXBuildFile; fileRef = E5D7A62C1AB219DE00984046 /* SearchEngineParametersBuilder.m */; };
/* End PBXBuildFile section */

/* Begin PBXContainerItemProxy section */
		E59420351AAF61AD0005FD22 /* PBXContainerItemProxy */ = {
			isa = PBXContainerItemProxy;
			containerPortal = E59420131AAF61AD0005FD22 /* Project object */;
			proxyType = 1;
			remoteGlobalIDString = E594201A1AAF61AD0005FD22;
			remoteInfo = StackSearch;
		};
/* End PBXContainerItemProxy section */

/* Begin PBXFileReference section */
		4799491D4A0B126313D0F069 /* Pods-StackSearch.release.xcconfig */ = {isa = PBXFileReference; includeInIndex = 1; lastKnownFileType = text.xcconfig; name = "Pods-StackSearch.release.xcconfig"; path = "Pods/Target Support Files/Pods-StackSearch/Pods-StackSearch.release.xcconfig"; sourceTree = "<group>"; };
		834CE2BC6797587F109B76B3 /* Pods-StackSearchTests.release.xcconfig */ = {isa = PBXFileReference; includeInIndex = 1; lastKnownFileType = text.xcconfig; name = "Pods-StackSearchTests.release.xcconfig"; path = "Pods/Target Support Files/Pods-StackSearchTests/Pods-StackSearchTests.release.xcconfig"; sourceTree = "<group>"; };
		938A968129BD985232ACC473 /* libPods-StackSearchTests.a */ = {isa = PBXFileReference; explicitFileType = archive.ar; includeInIndex = 0; path = "libPods-StackSearchTests.a"; sourceTree = BUILT_PRODUCTS_DIR; };
		BCFED9A6AC266FC7826647CA /* Pods-StackSearch.debug.xcconfig */ = {isa = PBXFileReference; includeInIndex = 1; lastKnownFileType = text.xcconfig; name = "Pods-StackSearch.debug.xcconfig"; path = "Pods/Target Support Files/Pods-StackSearch/Pods-StackSearch.debug.xcconfig"; sourceTree = "<group>"; };
		C27DDB933928BC9E0BDCADF2 /* libPods-StackSearch.a */ = {isa = PBXFileReference; explicitFileType = archive.ar; includeInIndex = 0; path = "libPods-StackSearch.a"; sourceTree = BUILT_PRODUCTS_DIR; };
		E51D4BFA1AB0CAC10047BD04 /* SESessionManager.h */ = {isa = PBXFileReference; fileEncoding = 4; lastKnownFileType = sourcecode.c.h; name = SESessionManager.h; path = class/SESessionManager.h; sourceTree = "<group>"; };
		E51D4BFB1AB0CAC10047BD04 /* SESessionManager.m */ = {isa = PBXFileReference; fileEncoding = 4; lastKnownFileType = sourcecode.c.objc; name = SESessionManager.m; path = class/SESessionManager.m; sourceTree = "<group>"; };
		E594201B1AAF61AD0005FD22 /* StackSearch.app */ = {isa = PBXFileReference; explicitFileType = wrapper.application; includeInIndex = 0; path = StackSearch.app; sourceTree = BUILT_PRODUCTS_DIR; };
		E594201F1AAF61AD0005FD22 /* Info.plist */ = {isa = PBXFileReference; lastKnownFileType = text.plist.xml; path = Info.plist; sourceTree = "<group>"; };
		E59420201AAF61AD0005FD22 /* main.m */ = {isa = PBXFileReference; lastKnownFileType = sourcecode.c.objc; path = main.m; sourceTree = "<group>"; };
		E594202B1AAF61AD0005FD22 /* Images.xcassets */ = {isa = PBXFileReference; lastKnownFileType = folder.assetcatalog; path = Images.xcassets; sourceTree = "<group>"; };
		E594202E1AAF61AD0005FD22 /* Base */ = {isa = PBXFileReference; lastKnownFileType = file.xib; name = Base; path = Base.lproj/LaunchScreen.xib; sourceTree = "<group>"; };
		E59420341AAF61AD0005FD22 /* StackSearchTests.xctest */ = {isa = PBXFileReference; explicitFileType = wrapper.cfbundle; includeInIndex = 0; path = StackSearchTests.xctest; sourceTree = BUILT_PRODUCTS_DIR; };
		E59420391AAF61AD0005FD22 /* Info.plist */ = {isa = PBXFileReference; lastKnownFileType = text.plist.xml; path = Info.plist; sourceTree = "<group>"; };
		E59420441AAF62730005FD22 /* AppDelegate.h */ = {isa = PBXFileReference; fileEncoding = 4; lastKnownFileType = sourcecode.c.h; name = AppDelegate.h; path = class/AppDelegate.h; sourceTree = "<group>"; };
		E59420451AAF62730005FD22 /* AppDelegate.m */ = {isa = PBXFileReference; fileEncoding = 4; lastKnownFileType = sourcecode.c.objc; name = AppDelegate.m; path = class/AppDelegate.m; sourceTree = "<group>"; };
		E59420561AAF78180005FD22 /* SEApiKeys.h */ = {isa = PBXFileReference; fileEncoding = 4; lastKnownFileType = sourcecode.c.h; name = SEApiKeys.h; path = class/SEApiKeys.h; sourceTree = "<group>"; };
		E59420571AAF78180005FD22 /* SEApiKeys.m */ = {isa = PBXFileReference; fileEncoding = 4; lastKnownFileType = sourcecode.c.objc; name = SEApiKeys.m; path = class/SEApiKeys.m; sourceTree = "<group>"; };
		E59420591AAF78590005FD22 /* SEResponse.h */ = {isa = PBXFileReference; fileEncoding = 4; lastKnownFileType = sourcecode.c.h; name = SEResponse.h; path = class/SEResponse.h; sourceTree = "<group>"; };
		E594205A1AAF78590005FD22 /* SEResponse.m */ = {isa = PBXFileReference; fileEncoding = 4; lastKnownFileType = sourcecode.c.objc; name = SEResponse.m; path = class/SEResponse.m; sourceTree = "<group>"; };
		E594205D1AAF79070005FD22 /* SEUser.h */ = {isa = PBXFileReference; fileEncoding = 4; lastKnownFileType = sourcecode.c.h; name = SEUser.h; path = class/SEUser.h; sourceTree = "<group>"; };
		E594205E1AAF79070005FD22 /* SEUser.m */ = {isa = PBXFileReference; fileEncoding = 4; lastKnownFileType = sourcecode.c.objc; name = SEUser.m; path = class/SEUser.m; sourceTree = "<group>"; };
		E59420601AAF79690005FD22 /* SEUserTest.m */ = {isa = PBXFileReference; fileEncoding = 4; lastKnownFileType = sourcecode.c.objc; path = SEUserTest.m; sourceTree = "<group>"; };
		E59420621AAF7CEF0005FD22 /* SEQuestionTest.m */ = {isa = PBXFileReference; fileEncoding = 4; lastKnownFileType = sourcecode.c.objc; path = SEQuestionTest.m; sourceTree = "<group>"; wrapsLines = 0; };
		E59420641AAF7D3E0005FD22 /* SEQuestion.h */ = {isa = PBXFileReference; fileEncoding = 4; lastKnownFileType = sourcecode.c.h; name = SEQuestion.h; path = class/SEQuestion.h; sourceTree = "<group>"; };
		E59420651AAF7D3E0005FD22 /* SEQuestion.m */ = {isa = PBXFileReference; fileEncoding = 4; lastKnownFileType = sourcecode.c.objc; name = SEQuestion.m; path = class/SEQuestion.m; sourceTree = "<group>"; };
		E59420671AAF81170005FD22 /* SEResponseTest.m */ = {isa = PBXFileReference; fileEncoding = 4; lastKnownFileType = sourcecode.c.objc; path = SEResponseTest.m; sourceTree = "<group>"; wrapsLines = 0; };
		E59420691AAF8F5F0005FD22 /* SearchEngine.h */ = {isa = PBXFileReference; fileEncoding = 4; lastKnownFileType = sourcecode.c.h; name = SearchEngine.h; path = class/SearchEngine.h; sourceTree = "<group>"; };
		E594206A1AAF8F5F0005FD22 /* SearchEngine.m */ = {isa = PBXFileReference; fileEncoding = 4; lastKnownFileType = sourcecode.c.objc; name = SearchEngine.m; path = class/SearchEngine.m; sourceTree = "<group>"; };
		E594206C1AAF91940005FD22 /* SearchEngineTest.m */ = {isa = PBXFileReference; fileEncoding = 4; lastKnownFileType = sourcecode.c.objc; path = SearchEngineTest.m; sourceTree = "<group>"; wrapsLines = 0; };
		E594206E1AAF931D0005FD22 /* SEFakeResponse.json */ = {isa = PBXFileReference; fileEncoding = 4; lastKnownFileType = text.json; path = SEFakeResponse.json; sourceTree = "<group>"; };
		E5D7A62B1AB219DE00984046 /* SearchEngineParametersBuilder.h */ = {isa = PBXFileReference; fileEncoding = 4; lastKnownFileType = sourcecode.c.h; name = SearchEngineParametersBuilder.h; path = class/SearchEngineParametersBuilder.h; sourceTree = "<group>"; };
		E5D7A62C1AB219DE00984046 /* SearchEngineParametersBuilder.m */ = {isa = PBXFileReference; fileEncoding = 4; lastKnownFileType = sourcecode.c.objc; name = SearchEngineParametersBuilder.m; path = class/SearchEngineParametersBuilder.m; sourceTree = "<group>"; };
		F76B14F84B324480E9B04D61 /* Pods-StackSearchTests.debug.xcconfig */ = {isa = PBXFileReference; includeInIndex = 1; lastKnownFileType = text.xcconfig; name = "Pods-StackSearchTests.debug.xcconfig"; path = "Pods/Target Support Files/Pods-StackSearchTests/Pods-StackSearchTests.debug.xcconfig"; sourceTree = "<group>"; };
/* End PBXFileReference section */

/* Begin PBXFrameworksBuildPhase section */
		E59420181AAF61AD0005FD22 /* Frameworks */ = {
			isa = PBXFrameworksBuildPhase;
			buildActionMask = 2147483647;
			files = (
				4DE8984780C0E4375AD1B80F /* libPods-StackSearch.a in Frameworks */,
			);
			runOnlyForDeploymentPostprocessing = 0;
		};
		E59420311AAF61AD0005FD22 /* Frameworks */ = {
			isa = PBXFrameworksBuildPhase;
			buildActionMask = 2147483647;
			files = (
				4D74EB49F6349DC458D259E5 /* libPods-StackSearchTests.a in Frameworks */,
			);
			runOnlyForDeploymentPostprocessing = 0;
		};
/* End PBXFrameworksBuildPhase section */

/* Begin PBXGroup section */
		36D81DD53754681978C6338E /* Pods */ = {
			isa = PBXGroup;
			children = (
				BCFED9A6AC266FC7826647CA /* Pods-StackSearch.debug.xcconfig */,
				4799491D4A0B126313D0F069 /* Pods-StackSearch.release.xcconfig */,
				F76B14F84B324480E9B04D61 /* Pods-StackSearchTests.debug.xcconfig */,
				834CE2BC6797587F109B76B3 /* Pods-StackSearchTests.release.xcconfig */,
			);
			name = Pods;
			sourceTree = "<group>";
		};
		6C8081039A87944FC0C6C92C /* Frameworks */ = {
			isa = PBXGroup;
			children = (
				C27DDB933928BC9E0BDCADF2 /* libPods-StackSearch.a */,
				938A968129BD985232ACC473 /* libPods-StackSearchTests.a */,
			);
			name = Frameworks;
			sourceTree = "<group>";
		};
		E59420121AAF61AD0005FD22 = {
			isa = PBXGroup;
			children = (
				E594201D1AAF61AD0005FD22 /* StackSearch */,
				E59420371AAF61AD0005FD22 /* StackSearchTests */,
				E594201C1AAF61AD0005FD22 /* Products */,
				36D81DD53754681978C6338E /* Pods */,
				6C8081039A87944FC0C6C92C /* Frameworks */,
			);
			sourceTree = "<group>";
		};
		E594201C1AAF61AD0005FD22 /* Products */ = {
			isa = PBXGroup;
			children = (
				E594201B1AAF61AD0005FD22 /* StackSearch.app */,
				E59420341AAF61AD0005FD22 /* StackSearchTests.xctest */,
			);
			name = Products;
			sourceTree = "<group>";
		};
		E594201D1AAF61AD0005FD22 /* StackSearch */ = {
			isa = PBXGroup;
			children = (
				E594205C1AAF78630005FD22 /* Model */,
				E5D7A62B1AB219DE00984046 /* SearchEngineParametersBuilder.h */,
				E5D7A62C1AB219DE00984046 /* SearchEngineParametersBuilder.m */,
				E59420691AAF8F5F0005FD22 /* SearchEngine.h */,
				E594206A1AAF8F5F0005FD22 /* SearchEngine.m */,
				E59420441AAF62730005FD22 /* AppDelegate.h */,
				E59420451AAF62730005FD22 /* AppDelegate.m */,
				E594202B1AAF61AD0005FD22 /* Images.xcassets */,
				E594202D1AAF61AD0005FD22 /* LaunchScreen.xib */,
				E594201E1AAF61AD0005FD22 /* Supporting Files */,
				E51D4BFA1AB0CAC10047BD04 /* SESessionManager.h */,
				E51D4BFB1AB0CAC10047BD04 /* SESessionManager.m */,
			);
			path = StackSearch;
			sourceTree = "<group>";
		};
		E594201E1AAF61AD0005FD22 /* Supporting Files */ = {
			isa = PBXGroup;
			children = (
				E594201F1AAF61AD0005FD22 /* Info.plist */,
				E59420201AAF61AD0005FD22 /* main.m */,
			);
			name = "Supporting Files";
			sourceTree = "<group>";
		};
		E59420371AAF61AD0005FD22 /* StackSearchTests */ = {
			isa = PBXGroup;
			children = (
				E594206E1AAF931D0005FD22 /* SEFakeResponse.json */,
				E594206C1AAF91940005FD22 /* SearchEngineTest.m */,
				E59420601AAF79690005FD22 /* SEUserTest.m */,
				E59420621AAF7CEF0005FD22 /* SEQuestionTest.m */,
				E59420671AAF81170005FD22 /* SEResponseTest.m */,
				E59420381AAF61AD0005FD22 /* Supporting Files */,
			);
			path = StackSearchTests;
			sourceTree = "<group>";
		};
		E59420381AAF61AD0005FD22 /* Supporting Files */ = {
			isa = PBXGroup;
			children = (
				E59420391AAF61AD0005FD22 /* Info.plist */,
			);
			name = "Supporting Files";
			sourceTree = "<group>";
		};
		E594205C1AAF78630005FD22 /* Model */ = {
			isa = PBXGroup;
			children = (
				E59420561AAF78180005FD22 /* SEApiKeys.h */,
				E59420571AAF78180005FD22 /* SEApiKeys.m */,
				E59420591AAF78590005FD22 /* SEResponse.h */,
				E594205A1AAF78590005FD22 /* SEResponse.m */,
				E594205D1AAF79070005FD22 /* SEUser.h */,
				E594205E1AAF79070005FD22 /* SEUser.m */,
				E59420641AAF7D3E0005FD22 /* SEQuestion.h */,
				E59420651AAF7D3E0005FD22 /* SEQuestion.m */,
			);
			name = Model;
			sourceTree = "<group>";
		};
/* End PBXGroup section */

/* Begin PBXNativeTarget section */
		E594201A1AAF61AD0005FD22 /* StackSearch */ = {
			isa = PBXNativeTarget;
			buildConfigurationList = E594203E1AAF61AD0005FD22 /* Build configuration list for PBXNativeTarget "StackSearch" */;
			buildPhases = (
				6A1E8C486F4553E98A29493E /* Check Pods Manifest.lock */,
				E59420171AAF61AD0005FD22 /* Sources */,
				E59420181AAF61AD0005FD22 /* Frameworks */,
				E59420191AAF61AD0005FD22 /* Resources */,
				F0FFCFBB6BCC5A9C790324A5 /* Copy Pods Resources */,
			);
			buildRules = (
			);
			dependencies = (
			);
			name = StackSearch;
			productName = StackSearch;
			productReference = E594201B1AAF61AD0005FD22 /* StackSearch.app */;
			productType = "com.apple.product-type.application";
		};
		E59420331AAF61AD0005FD22 /* StackSearchTests */ = {
			isa = PBXNativeTarget;
			buildConfigurationList = E59420411AAF61AD0005FD22 /* Build configuration list for PBXNativeTarget "StackSearchTests" */;
			buildPhases = (
				EBE81F13C8A00F77B6B492A2 /* Check Pods Manifest.lock */,
				E59420301AAF61AD0005FD22 /* Sources */,
				E59420311AAF61AD0005FD22 /* Frameworks */,
				E59420321AAF61AD0005FD22 /* Resources */,
				1016E25A1A465F772523D1AF /* Copy Pods Resources */,
			);
			buildRules = (
			);
			dependencies = (
				E59420361AAF61AD0005FD22 /* PBXTargetDependency */,
			);
			name = StackSearchTests;
			productName = StackSearchTests;
			productReference = E59420341AAF61AD0005FD22 /* StackSearchTests.xctest */;
			productType = "com.apple.product-type.bundle.unit-test";
		};
/* End PBXNativeTarget section */

/* Begin PBXProject section */
		E59420131AAF61AD0005FD22 /* Project object */ = {
			isa = PBXProject;
			attributes = {
				LastUpgradeCheck = 0610;
				ORGANIZATIONNAME = "Pawel Scibek";
				TargetAttributes = {
					E594201A1AAF61AD0005FD22 = {
						CreatedOnToolsVersion = 6.1.1;
					};
					E59420331AAF61AD0005FD22 = {
						CreatedOnToolsVersion = 6.1.1;
						TestTargetID = E594201A1AAF61AD0005FD22;
					};
				};
			};
			buildConfigurationList = E59420161AAF61AD0005FD22 /* Build configuration list for PBXProject "StackSearch" */;
			compatibilityVersion = "Xcode 3.2";
			developmentRegion = English;
			hasScannedForEncodings = 0;
			knownRegions = (
				en,
				Base,
			);
			mainGroup = E59420121AAF61AD0005FD22;
			productRefGroup = E594201C1AAF61AD0005FD22 /* Products */;
			projectDirPath = "";
			projectRoot = "";
			targets = (
				E594201A1AAF61AD0005FD22 /* StackSearch */,
				E59420331AAF61AD0005FD22 /* StackSearchTests */,
			);
		};
/* End PBXProject section */

/* Begin PBXResourcesBuildPhase section */
		E59420191AAF61AD0005FD22 /* Resources */ = {
			isa = PBXResourcesBuildPhase;
			buildActionMask = 2147483647;
			files = (
				E594202F1AAF61AD0005FD22 /* LaunchScreen.xib in Resources */,
				E594202C1AAF61AD0005FD22 /* Images.xcassets in Resources */,
			);
			runOnlyForDeploymentPostprocessing = 0;
		};
		E59420321AAF61AD0005FD22 /* Resources */ = {
			isa = PBXResourcesBuildPhase;
			buildActionMask = 2147483647;
			files = (
				E594206F1AAF931D0005FD22 /* SEFakeResponse.json in Resources */,
			);
			runOnlyForDeploymentPostprocessing = 0;
		};
/* End PBXResourcesBuildPhase section */

/* Begin PBXShellScriptBuildPhase section */
		1016E25A1A465F772523D1AF /* Copy Pods Resources */ = {
			isa = PBXShellScriptBuildPhase;
			buildActionMask = 2147483647;
			files = (
			);
			inputPaths = (
			);
			name = "Copy Pods Resources";
			outputPaths = (
			);
			runOnlyForDeploymentPostprocessing = 0;
			shellPath = /bin/sh;
			shellScript = "\"${SRCROOT}/Pods/Target Support Files/Pods-StackSearchTests/Pods-StackSearchTests-resources.sh\"\n";
			showEnvVarsInLog = 0;
		};
		6A1E8C486F4553E98A29493E /* Check Pods Manifest.lock */ = {
			isa = PBXShellScriptBuildPhase;
			buildActionMask = 2147483647;
			files = (
			);
			inputPaths = (
			);
			name = "Check Pods Manifest.lock";
			outputPaths = (
			);
			runOnlyForDeploymentPostprocessing = 0;
			shellPath = /bin/sh;
			shellScript = "diff \"${PODS_ROOT}/../Podfile.lock\" \"${PODS_ROOT}/Manifest.lock\" > /dev/null\nif [[ $? != 0 ]] ; then\n    cat << EOM\nerror: The sandbox is not in sync with the Podfile.lock. Run 'pod install' or update your CocoaPods installation.\nEOM\n    exit 1\nfi\n";
			showEnvVarsInLog = 0;
		};
		EBE81F13C8A00F77B6B492A2 /* Check Pods Manifest.lock */ = {
			isa = PBXShellScriptBuildPhase;
			buildActionMask = 2147483647;
			files = (
			);
			inputPaths = (
			);
			name = "Check Pods Manifest.lock";
			outputPaths = (
			);
			runOnlyForDeploymentPostprocessing = 0;
			shellPath = /bin/sh;
			shellScript = "diff \"${PODS_ROOT}/../Podfile.lock\" \"${PODS_ROOT}/Manifest.lock\" > /dev/null\nif [[ $? != 0 ]] ; then\n    cat << EOM\nerror: The sandbox is not in sync with the Podfile.lock. Run 'pod install' or update your CocoaPods installation.\nEOM\n    exit 1\nfi\n";
			showEnvVarsInLog = 0;
		};
		F0FFCFBB6BCC5A9C790324A5 /* Copy Pods Resources */ = {
			isa = PBXShellScriptBuildPhase;
			buildActionMask = 2147483647;
			files = (
			);
			inputPaths = (
			);
			name = "Copy Pods Resources";
			outputPaths = (
			);
			runOnlyForDeploymentPostprocessing = 0;
			shellPath = /bin/sh;
			shellScript = "\"${SRCROOT}/Pods/Target Support Files/Pods-StackSearch/Pods-StackSearch-resources.sh\"\n";
			showEnvVarsInLog = 0;
		};
/* End PBXShellScriptBuildPhase section */

/* Begin PBXSourcesBuildPhase section */
		E59420171AAF61AD0005FD22 /* Sources */ = {
			isa = PBXSourcesBuildPhase;
			buildActionMask = 2147483647;
			files = (
				E59420461AAF62730005FD22 /* AppDelegate.m in Sources */,
				E5D7A62D1AB219DE00984046 /* SearchEngineParametersBuilder.m in Sources */,
				E59420581AAF78180005FD22 /* SEApiKeys.m in Sources */,
				E594205B1AAF78590005FD22 /* SEResponse.m in Sources */,
				E59420211AAF61AD0005FD22 /* main.m in Sources */,
				E51D4BFC1AB0CAC10047BD04 /* SESessionManager.m in Sources */,
				E594206B1AAF8F5F0005FD22 /* SearchEngine.m in Sources */,
				E594205F1AAF79070005FD22 /* SEUser.m in Sources */,
				E59420661AAF7D3E0005FD22 /* SEQuestion.m in Sources */,
			);
			runOnlyForDeploymentPostprocessing = 0;
		};
		E59420301AAF61AD0005FD22 /* Sources */ = {
			isa = PBXSourcesBuildPhase;
			buildActionMask = 2147483647;
			files = (
				E59420611AAF79690005FD22 /* SEUserTest.m in Sources */,
				E594206D1AAF91940005FD22 /* SearchEngineTest.m in Sources */,
				E59420631AAF7CEF0005FD22 /* SEQuestionTest.m in Sources */,
				E59420681AAF81170005FD22 /* SEResponseTest.m in Sources */,
			);
			runOnlyForDeploymentPostprocessing = 0;
		};
/* End PBXSourcesBuildPhase section */

/* Begin PBXTargetDependency section */
		E59420361AAF61AD0005FD22 /* PBXTargetDependency */ = {
			isa = PBXTargetDependency;
			target = E594201A1AAF61AD0005FD22 /* StackSearch */;
			targetProxy = E59420351AAF61AD0005FD22 /* PBXContainerItemProxy */;
		};
/* End PBXTargetDependency section */

/* Begin PBXVariantGroup section */
		E594202D1AAF61AD0005FD22 /* LaunchScreen.xib */ = {
			isa = PBXVariantGroup;
			children = (
				E594202E1AAF61AD0005FD22 /* Base */,
			);
			name = LaunchScreen.xib;
			sourceTree = "<group>";
		};
/* End PBXVariantGroup section */

/* Begin XCBuildConfiguration section */
		E594203C1AAF61AD0005FD22 /* Debug */ = {
			isa = XCBuildConfiguration;
			buildSettings = {
				ALWAYS_SEARCH_USER_PATHS = NO;
				CLANG_CXX_LANGUAGE_STANDARD = "gnu++0x";
				CLANG_CXX_LIBRARY = "libc++";
				CLANG_ENABLE_MODULES = YES;
				CLANG_ENABLE_OBJC_ARC = YES;
				CLANG_WARN_BOOL_CONVERSION = YES;
				CLANG_WARN_CONSTANT_CONVERSION = YES;
				CLANG_WARN_DIRECT_OBJC_ISA_USAGE = YES_ERROR;
				CLANG_WARN_EMPTY_BODY = YES;
				CLANG_WARN_ENUM_CONVERSION = YES;
				CLANG_WARN_INT_CONVERSION = YES;
				CLANG_WARN_OBJC_ROOT_CLASS = YES_ERROR;
				CLANG_WARN_UNREACHABLE_CODE = YES;
				CLANG_WARN__DUPLICATE_METHOD_MATCH = YES;
				"CODE_SIGN_IDENTITY[sdk=iphoneos*]" = "iPhone Developer";
				COPY_PHASE_STRIP = NO;
				ENABLE_STRICT_OBJC_MSGSEND = YES;
				GCC_C_LANGUAGE_STANDARD = gnu99;
				GCC_DYNAMIC_NO_PIC = NO;
				GCC_OPTIMIZATION_LEVEL = 0;
				GCC_PREPROCESSOR_DEFINITIONS = (
					"DEBUG=1",
					"$(inherited)",
				);
				GCC_SYMBOLS_PRIVATE_EXTERN = NO;
				GCC_WARN_64_TO_32_BIT_CONVERSION = YES;
				GCC_WARN_ABOUT_RETURN_TYPE = YES_ERROR;
				GCC_WARN_UNDECLARED_SELECTOR = YES;
				GCC_WARN_UNINITIALIZED_AUTOS = YES_AGGRESSIVE;
				GCC_WARN_UNUSED_FUNCTION = YES;
				GCC_WARN_UNUSED_VARIABLE = YES;
				IPHONEOS_DEPLOYMENT_TARGET = 8.1;
				MTL_ENABLE_DEBUG_INFO = YES;
				ONLY_ACTIVE_ARCH = YES;
				SDKROOT = iphoneos;
				TARGETED_DEVICE_FAMILY = "1,2";
			};
			name = Debug;
		};
		E594203D1AAF61AD0005FD22 /* Release */ = {
			isa = XCBuildConfiguration;
			buildSettings = {
				ALWAYS_SEARCH_USER_PATHS = NO;
				CLANG_CXX_LANGUAGE_STANDARD = "gnu++0x";
				CLANG_CXX_LIBRARY = "libc++";
				CLANG_ENABLE_MODULES = YES;
				CLANG_ENABLE_OBJC_ARC = YES;
				CLANG_WARN_BOOL_CONVERSION = YES;
				CLANG_WARN_CONSTANT_CONVERSION = YES;
				CLANG_WARN_DIRECT_OBJC_ISA_USAGE = YES_ERROR;
				CLANG_WARN_EMPTY_BODY = YES;
				CLANG_WARN_ENUM_CONVERSION = YES;
				CLANG_WARN_INT_CONVERSION = YES;
				CLANG_WARN_OBJC_ROOT_CLASS = YES_ERROR;
				CLANG_WARN_UNREACHABLE_CODE = YES;
				CLANG_WARN__DUPLICATE_METHOD_MATCH = YES;
				"CODE_SIGN_IDENTITY[sdk=iphoneos*]" = "iPhone Developer";
				COPY_PHASE_STRIP = YES;
				ENABLE_NS_ASSERTIONS = NO;
				ENABLE_STRICT_OBJC_MSGSEND = YES;
				GCC_C_LANGUAGE_STANDARD = gnu99;
				GCC_WARN_64_TO_32_BIT_CONVERSION = YES;
				GCC_WARN_ABOUT_RETURN_TYPE = YES_ERROR;
				GCC_WARN_UNDECLARED_SELECTOR = YES;
				GCC_WARN_UNINITIALIZED_AUTOS = YES_AGGRESSIVE;
				GCC_WARN_UNUSED_FUNCTION = YES;
				GCC_WARN_UNUSED_VARIABLE = YES;
				IPHONEOS_DEPLOYMENT_TARGET = 8.1;
				MTL_ENABLE_DEBUG_INFO = NO;
				SDKROOT = iphoneos;
				TARGETED_DEVICE_FAMILY = "1,2";
				VALIDATE_PRODUCT = YES;
			};
			name = Release;
		};
		E594203F1AAF61AD0005FD22 /* Debug */ = {
			isa = XCBuildConfiguration;
			baseConfigurationReference = BCFED9A6AC266FC7826647CA /* Pods-StackSearch.debug.xcconfig */;
			buildSettings = {
				ASSETCATALOG_COMPILER_APPICON_NAME = AppIcon;
				INFOPLIST_FILE = StackSearch/Info.plist;
				LD_RUNPATH_SEARCH_PATHS = "$(inherited) @executable_path/Frameworks";
				PRODUCT_NAME = "$(TARGET_NAME)";
			};
			name = Debug;
		};
		E59420401AAF61AD0005FD22 /* Release */ = {
			isa = XCBuildConfiguration;
			baseConfigurationReference = 4799491D4A0B126313D0F069 /* Pods-StackSearch.release.xcconfig */;
			buildSettings = {
				ASSETCATALOG_COMPILER_APPICON_NAME = AppIcon;
				INFOPLIST_FILE = StackSearch/Info.plist;
				LD_RUNPATH_SEARCH_PATHS = "$(inherited) @executable_path/Frameworks";
				PRODUCT_NAME = "$(TARGET_NAME)";
			};
			name = Release;
		};
		E59420421AAF61AD0005FD22 /* Debug */ = {
			isa = XCBuildConfiguration;
			baseConfigurationReference = F76B14F84B324480E9B04D61 /* Pods-StackSearchTests.debug.xcconfig */;
			buildSettings = {
				BUNDLE_LOADER = "$(TEST_HOST)";
				FRAMEWORK_SEARCH_PATHS = (
					"$(SDKROOT)/Developer/Library/Frameworks",
					"$(inherited)",
				);
				GCC_PREPROCESSOR_DEFINITIONS = (
					"DEBUG=1",
					"$(inherited)",
				);
				INFOPLIST_FILE = StackSearchTests/Info.plist;
				LD_RUNPATH_SEARCH_PATHS = "$(inherited) @executable_path/Frameworks @loader_path/Frameworks";
				PRODUCT_NAME = "$(TARGET_NAME)";
				TEST_HOST = "$(BUILT_PRODUCTS_DIR)/StackSearch.app/StackSearch";
			};
			name = Debug;
		};
		E59420431AAF61AD0005FD22 /* Release */ = {
			isa = XCBuildConfiguration;
			baseConfigurationReference = 834CE2BC6797587F109B76B3 /* Pods-StackSearchTests.release.xcconfig */;
			buildSettings = {
				BUNDLE_LOADER = "$(TEST_HOST)";
				FRAMEWORK_SEARCH_PATHS = (
					"$(SDKROOT)/Developer/Library/Frameworks",
					"$(inherited)",
				);
				INFOPLIST_FILE = StackSearchTests/Info.plist;
				LD_RUNPATH_SEARCH_PATHS = "$(inherited) @executable_path/Frameworks @loader_path/Frameworks";
				PRODUCT_NAME = "$(TARGET_NAME)";
				TEST_HOST = "$(BUILT_PRODUCTS_DIR)/StackSearch.app/StackSearch";
			};
			name = Release;
		};
/* End XCBuildConfiguration section */

/* Begin XCConfigurationList section */
		E59420161AAF61AD0005FD22 /* Build configuration list for PBXProject "StackSearch" */ = {
			isa = XCConfigurationList;
			buildConfigurations = (
				E594203C1AAF61AD0005FD22 /* Debug */,
				E594203D1AAF61AD0005FD22 /* Release */,
			);
			defaultConfigurationIsVisible = 0;
			defaultConfigurationName = Release;
		};
		E594203E1AAF61AD0005FD22 /* Build configuration list for PBXNativeTarget "StackSearch" */ = {
			isa = XCConfigurationList;
			buildConfigurations = (
				E594203F1AAF61AD0005FD22 /* Debug */,
				E59420401AAF61AD0005FD22 /* Release */,
			);
			defaultConfigurationIsVisible = 0;
			defaultConfigurationName = Release;
		};
		E59420411AAF61AD0005FD22 /* Build configuration list for PBXNativeTarget "StackSearchTests" */ = {
			isa = XCConfigurationList;
			buildConfigurations = (
				E59420421AAF61AD0005FD22 /* Debug */,
				E59420431AAF61AD0005FD22 /* Release */,
			);
			defaultConfigurationIsVisible = 0;
			defaultConfigurationName = Release;
		};
/* End XCConfigurationList section */
	};
	rootObject = E59420131AAF61AD0005FD22 /* Project object */;
}
